{
  "name": "syscmd",
  "version": "0.1.0",
  "lockfileVersion": 1,
  "requires": true,
  "dependencies": {
    "child_process": {
      "version": "1.0.2",
      "resolved": "https://registry.npmjs.org/child_process/-/child_process-1.0.2.tgz",
      "integrity": "sha1-sffn/HPSXn/R1FWtyU4UODAYK1o="
    },
    "sys": {
      "version": "0.0.1",
      "resolved": "https://registry.npmjs.org/sys/-/sys-0.0.1.tgz",
      "integrity": "sha1-NIDMaVcUkFt6vOUKVaWjmFmX5hk="
    }
  }
}
